
Microsoft Visual Studio Solution File, Format Version 12.00
# Visual Studio Version 16
VisualStudioVersion = 16.0.30804.86
MinimumVisualStudioVersion = 10.0.40219.1
Project("{9A19103F-16F7-4668-BE54-9A1E7A4F7556}") = "ConsoleWriteLineTest", "ConsoleWriteLineTest\ConsoleWriteLineTest.csproj", "{5693A53A-8BD0-4D8C-9BA0-779A3482F310}"
EndProject
Project("{9A19103F-16F7-4668-BE54-9A1E7A4F7556}") = "MathMaxMinAbsSqrtRound", "MathMaxMinAbsSqrtRound\MathMaxMinAbsSqrtRound.csproj", "{C6A4F3DD-4DF2-4276-A6B2-C983525E52DB}"
EndProject
Project("{9A19103F-16F7-4668-BE54-9A1E7A4F7556}") = "String", "String\String.csproj", "{264FEF1C-08EA-43D5-88EA-4F9C260EA538}"
EndProject
Project("{9A19103F-16F7-4668-BE54-9A1E7A4F7556}") = "Operators", "Operators\Operators.csproj", "{EA11D3CE-9BD1-4887-8FC1-C3C2E3C1A918}"
EndProject
Project("{9A19103F-16F7-4668-BE54-9A1E7A4F7556}") = "AnotherMethodIfElse", "AnotherMethodIfElse\AnotherMethodIfElse.csproj", "{C9E4B115-15B3-4EE3-A64B-7AE7DC2D13CC}"
EndProject
Project("{9A19103F-16F7-4668-BE54-9A1E7A4F7556}") = "Switch", "Switch\Switch.csproj", "{F66C7C16-3E01-4352-9BC3-A87D4D1F8510}"
EndProject
Project("{9A19103F-16F7-4668-BE54-9A1E7A4F7556}") = "WhileLoop", "WhileLoop\WhileLoop.csproj", "{526B5299-07E5-4BB7-906B-F4E28BBF8A28}"
EndProject
Project("{9A19103F-16F7-4668-BE54-9A1E7A4F7556}") = "ForLoop", "ForLoop\ForLoop.csproj", "{A3B21406-16E6-4040-A75B-8864B94CEC91}"
EndProject
Project("{9A19103F-16F7-4668-BE54-9A1E7A4F7556}") = "BreakContinue", "BreakContinue\BreakContinue.csproj", "{1CDF280A-79A5-4EDE-9DBC-1341C5CD35EA}"
EndProject
Project("{9A19103F-16F7-4668-BE54-9A1E7A4F7556}") = "Array", "Array\Array.csproj", "{339A5AEF-6DDB-4200-8C03-446392DDB8E4}"
EndProject
Project("{9A19103F-16F7-4668-BE54-9A1E7A4F7556}") = "Methods", "Methods\Methods.csproj", "{3CFD9E81-1446-43C8-8546-3C90CD45954E}"
EndProject
Project("{9A19103F-16F7-4668-BE54-9A1E7A4F7556}") = "MethodOverloading", "MethodOverloading\MethodOverloading.csproj", "{F46725EA-3274-4519-B0A7-D91B27985988}"
EndProject
Project("{9A19103F-16F7-4668-BE54-9A1E7A4F7556}") = "OOPBasic", "OOP\OOPBasic.csproj", "{1F005E4C-F816-4FA9-8025-1AF578CB230F}"
EndProject
Project("{9A19103F-16F7-4668-BE54-9A1E7A4F7556}") = "OOPAdvance", "OOPAdvance\OOPAdvance.csproj", "{E6FA21D7-1983-4CF8-BB6F-D51FEF66C1DB}"
EndProject
Project("{9A19103F-16F7-4668-BE54-9A1E7A4F7556}") = "OOPPrivateCLass", "OOPPrivateCLass\OOPPrivateCLass.csproj", "{D91C698E-FA9E-451F-9A09-6C8FCB516BD8}"
EndProject
Project("{9A19103F-16F7-4668-BE54-9A1E7A4F7556}") = "Inheritance", "Inheritance\Inheritance.csproj", "{3486972F-D337-401A-AD01-9C149492929A}"
EndProject
Project("{9A19103F-16F7-4668-BE54-9A1E7A4F7556}") = "PolymorphismOverriding", "PolymorphismOverriding\PolymorphismOverriding.csproj", "{33D15B01-2762-4982-B95B-DB6D4004DCF1}"
EndProject
Project("{9A19103F-16F7-4668-BE54-9A1E7A4F7556}") = "AbstractClassMethod", "AbstractClassMethod\AbstractClassMethod.csproj", "{42F7ECF7-A7FF-4913-B3EA-56C09A5099C8}"
EndProject
Project("{9A19103F-16F7-4668-BE54-9A1E7A4F7556}") = "InterFace", "InterFace\InterFace.csproj", "{167F99F2-24D1-4ABD-968C-3F7B9574714D}"
EndProject
Project("{9A19103F-16F7-4668-BE54-9A1E7A4F7556}") = "Enums", "Enums\Enums.csproj", "{5CDB1A12-E897-4F28-AC61-19F67C893255}"
EndProject
Project("{9A19103F-16F7-4668-BE54-9A1E7A4F7556}") = "Files", "Files\Files.csproj", "{7F4A6EA4-EBD5-4402-95B9-805C9DB20009}"
EndProject
Project("{9A19103F-16F7-4668-BE54-9A1E7A4F7556}") = "TryCatch", "TryCatch\TryCatch.csproj", "{8A56BAFA-5173-4990-B1B0-599FF29D384A}"
EndProject
Project("{9A19103F-16F7-4668-BE54-9A1E7A4F7556}") = "TryCatchThrow", "TryCatchThrow\TryCatchThrow.csproj", "{F3CA33D9-0861-47DE-A28D-8253F6CBE8A8}"
EndProject
Project("{9A19103F-16F7-4668-BE54-9A1E7A4F7556}") = "ConsoleApp2", "ConsoleApp2\ConsoleApp2.csproj", "{F85B7AF9-D6FD-4599-A2D6-F0117DAF48FE}"
EndProject
Project("{9A19103F-16F7-4668-BE54-9A1E7A4F7556}") = "IntConvertParse", "IntConvertParse\IntConvertParse.csproj", "{4BEE3B0F-AFD9-4B13-914E-659C75CB8953}"
EndProject
Project("{9A19103F-16F7-4668-BE54-9A1E7A4F7556}") = "Facturiel", "Facturiel\Facturiel.csproj", "{6D41CB3A-9FAC-4A25-9375-E4D6E9F92291}"
EndProject
Project("{9A19103F-16F7-4668-BE54-9A1E7A4F7556}") = "Cities", "Cities\Cities.csproj", "{601A4735-32DF-4E77-8030-AB2FD4796381}"
EndProject
Project("{9A19103F-16F7-4668-BE54-9A1E7A4F7556}") = "OOPStoqn", "OOPStoqn\OOPStoqn.csproj", "{830466C5-CA83-4D94-B02E-B940EBEAA5C8}"
EndProject
Project("{9A19103F-16F7-4668-BE54-9A1E7A4F7556}") = "DilmaraBMI", "DilmaraBMI\DilmaraBMI.csproj", "{DD41575A-7B25-4834-9B5D-742A0A79109E}"
EndProject
Project("{9A19103F-16F7-4668-BE54-9A1E7A4F7556}") = "matrix", "dfsafa\matrix.csproj", "{CD3FB104-BC1A-4170-AE7A-FFED245E8EBE}"
EndProject
Project("{9A19103F-16F7-4668-BE54-9A1E7A4F7556}") = "Delete me", "Delete me\Delete me.csproj", "{3BAE43E5-168A-4E24-9F7C-50F57C3F2507}"
EndProject
Global
	GlobalSection(SolutionConfigurationPlatforms) = preSolution
		Debug|Any CPU = Debug|Any CPU
		Release|Any CPU = Release|Any CPU
	EndGlobalSection
	GlobalSection(ProjectConfigurationPlatforms) = postSolution
		{5693A53A-8BD0-4D8C-9BA0-779A3482F310}.Debug|Any CPU.ActiveCfg = Debug|Any CPU
		{5693A53A-8BD0-4D8C-9BA0-779A3482F310}.Debug|Any CPU.Build.0 = Debug|Any CPU
		{5693A53A-8BD0-4D8C-9BA0-779A3482F310}.Release|Any CPU.ActiveCfg = Release|Any CPU
		{5693A53A-8BD0-4D8C-9BA0-779A3482F310}.Release|Any CPU.Build.0 = Release|Any CPU
		{C6A4F3DD-4DF2-4276-A6B2-C983525E52DB}.Debug|Any CPU.ActiveCfg = Debug|Any CPU
		{C6A4F3DD-4DF2-4276-A6B2-C983525E52DB}.Debug|Any CPU.Build.0 = Debug|Any CPU
		{C6A4F3DD-4DF2-4276-A6B2-C983525E52DB}.Release|Any CPU.ActiveCfg = Release|Any CPU
		{C6A4F3DD-4DF2-4276-A6B2-C983525E52DB}.Release|Any CPU.Build.0 = Release|Any CPU
		{264FEF1C-08EA-43D5-88EA-4F9C260EA538}.Debug|Any CPU.ActiveCfg = Debug|Any CPU
		{264FEF1C-08EA-43D5-88EA-4F9C260EA538}.Debug|Any CPU.Build.0 = Debug|Any CPU
		{264FEF1C-08EA-43D5-88EA-4F9C260EA538}.Release|Any CPU.ActiveCfg = Release|Any CPU
		{264FEF1C-08EA-43D5-88EA-4F9C260EA538}.Release|Any CPU.Build.0 = Release|Any CPU
		{EA11D3CE-9BD1-4887-8FC1-C3C2E3C1A918}.Debug|Any CPU.ActiveCfg = Debug|Any CPU
		{EA11D3CE-9BD1-4887-8FC1-C3C2E3C1A918}.Debug|Any CPU.Build.0 = Debug|Any CPU
		{EA11D3CE-9BD1-4887-8FC1-C3C2E3C1A918}.Release|Any CPU.ActiveCfg = Release|Any CPU
		{EA11D3CE-9BD1-4887-8FC1-C3C2E3C1A918}.Release|Any CPU.Build.0 = Release|Any CPU
		{C9E4B115-15B3-4EE3-A64B-7AE7DC2D13CC}.Debug|Any CPU.ActiveCfg = Debug|Any CPU
		{C9E4B115-15B3-4EE3-A64B-7AE7DC2D13CC}.Debug|Any CPU.Build.0 = Debug|Any CPU
		{C9E4B115-15B3-4EE3-A64B-7AE7DC2D13CC}.Release|Any CPU.ActiveCfg = Release|Any CPU
		{C9E4B115-15B3-4EE3-A64B-7AE7DC2D13CC}.Release|Any CPU.Build.0 = Release|Any CPU
		{F66C7C16-3E01-4352-9BC3-A87D4D1F8510}.Debug|Any CPU.ActiveCfg = Debug|Any CPU
		{F66C7C16-3E01-4352-9BC3-A87D4D1F8510}.Debug|Any CPU.Build.0 = Debug|Any CPU
		{F66C7C16-3E01-4352-9BC3-A87D4D1F8510}.Release|Any CPU.ActiveCfg = Release|Any CPU
		{F66C7C16-3E01-4352-9BC3-A87D4D1F8510}.Release|Any CPU.Build.0 = Release|Any CPU
		{526B5299-07E5-4BB7-906B-F4E28BBF8A28}.Debug|Any CPU.ActiveCfg = Debug|Any CPU
		{526B5299-07E5-4BB7-906B-F4E28BBF8A28}.Debug|Any CPU.Build.0 = Debug|Any CPU
		{526B5299-07E5-4BB7-906B-F4E28BBF8A28}.Release|Any CPU.ActiveCfg = Release|Any CPU
		{526B5299-07E5-4BB7-906B-F4E28BBF8A28}.Release|Any CPU.Build.0 = Release|Any CPU
		{A3B21406-16E6-4040-A75B-8864B94CEC91}.Debug|Any CPU.ActiveCfg = Debug|Any CPU
		{A3B21406-16E6-4040-A75B-8864B94CEC91}.Debug|Any CPU.Build.0 = Debug|Any CPU
		{A3B21406-16E6-4040-A75B-8864B94CEC91}.Release|Any CPU.ActiveCfg = Release|Any CPU
		{A3B21406-16E6-4040-A75B-8864B94CEC91}.Release|Any CPU.Build.0 = Release|Any CPU
		{1CDF280A-79A5-4EDE-9DBC-1341C5CD35EA}.Debug|Any CPU.ActiveCfg = Debug|Any CPU
		{1CDF280A-79A5-4EDE-9DBC-1341C5CD35EA}.Debug|Any CPU.Build.0 = Debug|Any CPU
		{1CDF280A-79A5-4EDE-9DBC-1341C5CD35EA}.Release|Any CPU.ActiveCfg = Release|Any CPU
		{1CDF280A-79A5-4EDE-9DBC-1341C5CD35EA}.Release|Any CPU.Build.0 = Release|Any CPU
		{339A5AEF-6DDB-4200-8C03-446392DDB8E4}.Debug|Any CPU.ActiveCfg = Debug|Any CPU
		{339A5AEF-6DDB-4200-8C03-446392DDB8E4}.Debug|Any CPU.Build.0 = Debug|Any CPU
		{339A5AEF-6DDB-4200-8C03-446392DDB8E4}.Release|Any CPU.ActiveCfg = Release|Any CPU
		{339A5AEF-6DDB-4200-8C03-446392DDB8E4}.Release|Any CPU.Build.0 = Release|Any CPU
		{3CFD9E81-1446-43C8-8546-3C90CD45954E}.Debug|Any CPU.ActiveCfg = Debug|Any CPU
		{3CFD9E81-1446-43C8-8546-3C90CD45954E}.Debug|Any CPU.Build.0 = Debug|Any CPU
		{3CFD9E81-1446-43C8-8546-3C90CD45954E}.Release|Any CPU.ActiveCfg = Release|Any CPU
		{3CFD9E81-1446-43C8-8546-3C90CD45954E}.Release|Any CPU.Build.0 = Release|Any CPU
		{F46725EA-3274-4519-B0A7-D91B27985988}.Debug|Any CPU.ActiveCfg = Debug|Any CPU
		{F46725EA-3274-4519-B0A7-D91B27985988}.Debug|Any CPU.Build.0 = Debug|Any CPU
		{F46725EA-3274-4519-B0A7-D91B27985988}.Release|Any CPU.ActiveCfg = Release|Any CPU
		{F46725EA-3274-4519-B0A7-D91B27985988}.Release|Any CPU.Build.0 = Release|Any CPU
		{1F005E4C-F816-4FA9-8025-1AF578CB230F}.Debug|Any CPU.ActiveCfg = Debug|Any CPU
		{1F005E4C-F816-4FA9-8025-1AF578CB230F}.Debug|Any CPU.Build.0 = Debug|Any CPU
		{1F005E4C-F816-4FA9-8025-1AF578CB230F}.Release|Any CPU.ActiveCfg = Release|Any CPU
		{1F005E4C-F816-4FA9-8025-1AF578CB230F}.Release|Any CPU.Build.0 = Release|Any CPU
		{E6FA21D7-1983-4CF8-BB6F-D51FEF66C1DB}.Debug|Any CPU.ActiveCfg = Debug|Any CPU
		{E6FA21D7-1983-4CF8-BB6F-D51FEF66C1DB}.Debug|Any CPU.Build.0 = Debug|Any CPU
		{E6FA21D7-1983-4CF8-BB6F-D51FEF66C1DB}.Release|Any CPU.ActiveCfg = Release|Any CPU
		{E6FA21D7-1983-4CF8-BB6F-D51FEF66C1DB}.Release|Any CPU.Build.0 = Release|Any CPU
		{D91C698E-FA9E-451F-9A09-6C8FCB516BD8}.Debug|Any CPU.ActiveCfg = Debug|Any CPU
		{D91C698E-FA9E-451F-9A09-6C8FCB516BD8}.Debug|Any CPU.Build.0 = Debug|Any CPU
		{D91C698E-FA9E-451F-9A09-6C8FCB516BD8}.Release|Any CPU.ActiveCfg = Release|Any CPU
		{D91C698E-FA9E-451F-9A09-6C8FCB516BD8}.Release|Any CPU.Build.0 = Release|Any CPU
		{3486972F-D337-401A-AD01-9C149492929A}.Debug|Any CPU.ActiveCfg = Debug|Any CPU
		{3486972F-D337-401A-AD01-9C149492929A}.Debug|Any CPU.Build.0 = Debug|Any CPU
		{3486972F-D337-401A-AD01-9C149492929A}.Release|Any CPU.ActiveCfg = Release|Any CPU
		{3486972F-D337-401A-AD01-9C149492929A}.Release|Any CPU.Build.0 = Release|Any CPU
		{33D15B01-2762-4982-B95B-DB6D4004DCF1}.Debug|Any CPU.ActiveCfg = Debug|Any CPU
		{33D15B01-2762-4982-B95B-DB6D4004DCF1}.Debug|Any CPU.Build.0 = Debug|Any CPU
		{33D15B01-2762-4982-B95B-DB6D4004DCF1}.Release|Any CPU.ActiveCfg = Release|Any CPU
		{33D15B01-2762-4982-B95B-DB6D4004DCF1}.Release|Any CPU.Build.0 = Release|Any CPU
		{42F7ECF7-A7FF-4913-B3EA-56C09A5099C8}.Debug|Any CPU.ActiveCfg = Debug|Any CPU
		{42F7ECF7-A7FF-4913-B3EA-56C09A5099C8}.Debug|Any CPU.Build.0 = Debug|Any CPU
		{42F7ECF7-A7FF-4913-B3EA-56C09A5099C8}.Release|Any CPU.ActiveCfg = Release|Any CPU
		{42F7ECF7-A7FF-4913-B3EA-56C09A5099C8}.Release|Any CPU.Build.0 = Release|Any CPU
		{167F99F2-24D1-4ABD-968C-3F7B9574714D}.Debug|Any CPU.ActiveCfg = Debug|Any CPU
		{167F99F2-24D1-4ABD-968C-3F7B9574714D}.Debug|Any CPU.Build.0 = Debug|Any CPU
		{167F99F2-24D1-4ABD-968C-3F7B9574714D}.Release|Any CPU.ActiveCfg = Release|Any CPU
		{167F99F2-24D1-4ABD-968C-3F7B9574714D}.Release|Any CPU.Build.0 = Release|Any CPU
		{5CDB1A12-E897-4F28-AC61-19F67C893255}.Debug|Any CPU.ActiveCfg = Debug|Any CPU
		{5CDB1A12-E897-4F28-AC61-19F67C893255}.Debug|Any CPU.Build.0 = Debug|Any CPU
		{5CDB1A12-E897-4F28-AC61-19F67C893255}.Release|Any CPU.ActiveCfg = Release|Any CPU
		{5CDB1A12-E897-4F28-AC61-19F67C893255}.Release|Any CPU.Build.0 = Release|Any CPU
		{7F4A6EA4-EBD5-4402-95B9-805C9DB20009}.Debug|Any CPU.ActiveCfg = Debug|Any CPU
		{7F4A6EA4-EBD5-4402-95B9-805C9DB20009}.Debug|Any CPU.Build.0 = Debug|Any CPU
		{7F4A6EA4-EBD5-4402-95B9-805C9DB20009}.Release|Any CPU.ActiveCfg = Release|Any CPU
		{7F4A6EA4-EBD5-4402-95B9-805C9DB20009}.Release|Any CPU.Build.0 = Release|Any CPU
		{8A56BAFA-5173-4990-B1B0-599FF29D384A}.Debug|Any CPU.ActiveCfg = Debug|Any CPU
		{8A56BAFA-5173-4990-B1B0-599FF29D384A}.Debug|Any CPU.Build.0 = Debug|Any CPU
		{8A56BAFA-5173-4990-B1B0-599FF29D384A}.Release|Any CPU.ActiveCfg = Release|Any CPU
		{8A56BAFA-5173-4990-B1B0-599FF29D384A}.Release|Any CPU.Build.0 = Release|Any CPU
		{F3CA33D9-0861-47DE-A28D-8253F6CBE8A8}.Debug|Any CPU.ActiveCfg = Debug|Any CPU
		{F3CA33D9-0861-47DE-A28D-8253F6CBE8A8}.Debug|Any CPU.Build.0 = Debug|Any CPU
		{F3CA33D9-0861-47DE-A28D-8253F6CBE8A8}.Release|Any CPU.ActiveCfg = Release|Any CPU
		{F3CA33D9-0861-47DE-A28D-8253F6CBE8A8}.Release|Any CPU.Build.0 = Release|Any CPU
		{F85B7AF9-D6FD-4599-A2D6-F0117DAF48FE}.Debug|Any CPU.ActiveCfg = Debug|Any CPU
		{F85B7AF9-D6FD-4599-A2D6-F0117DAF48FE}.Debug|Any CPU.Build.0 = Debug|Any CPU
		{F85B7AF9-D6FD-4599-A2D6-F0117DAF48FE}.Release|Any CPU.ActiveCfg = Release|Any CPU
		{F85B7AF9-D6FD-4599-A2D6-F0117DAF48FE}.Release|Any CPU.Build.0 = Release|Any CPU
		{4BEE3B0F-AFD9-4B13-914E-659C75CB8953}.Debug|Any CPU.ActiveCfg = Debug|Any CPU
		{4BEE3B0F-AFD9-4B13-914E-659C75CB8953}.Debug|Any CPU.Build.0 = Debug|Any CPU
		{4BEE3B0F-AFD9-4B13-914E-659C75CB8953}.Release|Any CPU.ActiveCfg = Release|Any CPU
		{4BEE3B0F-AFD9-4B13-914E-659C75CB8953}.Release|Any CPU.Build.0 = Release|Any CPU
		{6D41CB3A-9FAC-4A25-9375-E4D6E9F92291}.Debug|Any CPU.ActiveCfg = Debug|Any CPU
		{6D41CB3A-9FAC-4A25-9375-E4D6E9F92291}.Debug|Any CPU.Build.0 = Debug|Any CPU
		{6D41CB3A-9FAC-4A25-9375-E4D6E9F92291}.Release|Any CPU.ActiveCfg = Release|Any CPU
		{6D41CB3A-9FAC-4A25-9375-E4D6E9F92291}.Release|Any CPU.Build.0 = Release|Any CPU
		{601A4735-32DF-4E77-8030-AB2FD4796381}.Debug|Any CPU.ActiveCfg = Debug|Any CPU
		{601A4735-32DF-4E77-8030-AB2FD4796381}.Debug|Any CPU.Build.0 = Debug|Any CPU
		{601A4735-32DF-4E77-8030-AB2FD4796381}.Release|Any CPU.ActiveCfg = Release|Any CPU
		{601A4735-32DF-4E77-8030-AB2FD4796381}.Release|Any CPU.Build.0 = Release|Any CPU
		{830466C5-CA83-4D94-B02E-B940EBEAA5C8}.Debug|Any CPU.ActiveCfg = Debug|Any CPU
		{830466C5-CA83-4D94-B02E-B940EBEAA5C8}.Debug|Any CPU.Build.0 = Debug|Any CPU
		{830466C5-CA83-4D94-B02E-B940EBEAA5C8}.Release|Any CPU.ActiveCfg = Release|Any CPU
		{830466C5-CA83-4D94-B02E-B940EBEAA5C8}.Release|Any CPU.Build.0 = Release|Any CPU
		{DD41575A-7B25-4834-9B5D-742A0A79109E}.Debug|Any CPU.ActiveCfg = Debug|Any CPU
		{DD41575A-7B25-4834-9B5D-742A0A79109E}.Debug|Any CPU.Build.0 = Debug|Any CPU
		{DD41575A-7B25-4834-9B5D-742A0A79109E}.Release|Any CPU.ActiveCfg = Release|Any CPU
		{DD41575A-7B25-4834-9B5D-742A0A79109E}.Release|Any CPU.Build.0 = Release|Any CPU
		{CD3FB104-BC1A-4170-AE7A-FFED245E8EBE}.Debug|Any CPU.ActiveCfg = Debug|Any CPU
		{CD3FB104-BC1A-4170-AE7A-FFED245E8EBE}.Debug|Any CPU.Build.0 = Debug|Any CPU
		{CD3FB104-BC1A-4170-AE7A-FFED245E8EBE}.Release|Any CPU.ActiveCfg = Release|Any CPU
		{CD3FB104-BC1A-4170-AE7A-FFED245E8EBE}.Release|Any CPU.Build.0 = Release|Any CPU
		{3BAE43E5-168A-4E24-9F7C-50F57C3F2507}.Debug|Any CPU.ActiveCfg = Debug|Any CPU
		{3BAE43E5-168A-4E24-9F7C-50F57C3F2507}.Debug|Any CPU.Build.0 = Debug|Any CPU
		{3BAE43E5-168A-4E24-9F7C-50F57C3F2507}.Release|Any CPU.ActiveCfg = Release|Any CPU
		{3BAE43E5-168A-4E24-9F7C-50F57C3F2507}.Release|Any CPU.Build.0 = Release|Any CPU
	EndGlobalSection
	GlobalSection(SolutionProperties) = preSolution
		HideSolutionNode = FALSE
	EndGlobalSection
	GlobalSection(ExtensibilityGlobals) = postSolution
		SolutionGuid = {DE365295-570A-450B-B544-6A50C250F291}
	EndGlobalSection
EndGlobal
